
Microsoft Visual Studio Solution File, Format Version 12.00
# Visual Studio 14
VisualStudioVersion = 14.0.22823.1
MinimumVisualStudioVersion = 10.0.40219.1
Project("{FAE04EC0-301F-11D3-BF4B-00C04F79EFBC}") = "GPIO_Hello_IoT", "GPIO_Hello_IoT\GPIO_Hello_IoT.csproj", "{16E96A64-983F-4B08-96BC-5E4F9EB2F242}"
EndProject
Project("{FAE04EC0-301F-11D3-BF4B-00C04F79EFBC}") = "GPIO_Pushy", "GPIO_Pushy\GPIO_Pushy.csproj", "{5ED9DC26-2C5F-410B-A357-86A3F5B19C26}"
EndProject
Project("{FAE04EC0-301F-11D3-BF4B-00C04F79EFBC}") = "GPIO_PushyBlinky_IO__LED", "GPIO_PushyBlinky_IO__LED\GPIO_PushyBlinky_IO__LED.csproj", "{24F6D371-67FE-4438-B4D5-B3D005B19B6D}"
EndProject
Project("{FAE04EC0-301F-11D3-BF4B-00C04F79EFBC}") = "GPIO_PushyBlinky_IO__PB_Poll", "GPIO_PushyBlinky_IO__PB_Poll\GPIO_PushyBlinky_IO__PB_Poll.csproj", "{64147243-07B9-4A3B-A195-856FFF88DB24}"
EndProject
Project("{FAE04EC0-301F-11D3-BF4B-00C04F79EFBC}") = "GPIO_PushyBlinky_IO_PB_Intrp", "GPIO_PushyBlinky_IO_PB_Intrp\GPIO_PushyBlinky_IO_PB_Intrp.csproj", "{4E68DE08-BAFD-4CAE-AC70-53605FE10CE4}"
EndProject
Global
	GlobalSection(SolutionConfigurationPlatforms) = preSolution
		Debug|ARM = Debug|ARM
		Debug|x64 = Debug|x64
		Debug|x86 = Debug|x86
		Release|ARM = Release|ARM
		Release|x64 = Release|x64
		Release|x86 = Release|x86
	EndGlobalSection
	GlobalSection(ProjectConfigurationPlatforms) = postSolution
		{16E96A64-983F-4B08-96BC-5E4F9EB2F242}.Debug|ARM.ActiveCfg = Debug|ARM
		{16E96A64-983F-4B08-96BC-5E4F9EB2F242}.Debug|ARM.Build.0 = Debug|ARM
		{16E96A64-983F-4B08-96BC-5E4F9EB2F242}.Debug|ARM.Deploy.0 = Debug|ARM
		{16E96A64-983F-4B08-96BC-5E4F9EB2F242}.Debug|x64.ActiveCfg = Debug|x64
		{16E96A64-983F-4B08-96BC-5E4F9EB2F242}.Debug|x64.Build.0 = Debug|x64
		{16E96A64-983F-4B08-96BC-5E4F9EB2F242}.Debug|x64.Deploy.0 = Debug|x64
		{16E96A64-983F-4B08-96BC-5E4F9EB2F242}.Debug|x86.ActiveCfg = Debug|x86
		{16E96A64-983F-4B08-96BC-5E4F9EB2F242}.Debug|x86.Build.0 = Debug|x86
		{16E96A64-983F-4B08-96BC-5E4F9EB2F242}.Debug|x86.Deploy.0 = Debug|x86
		{16E96A64-983F-4B08-96BC-5E4F9EB2F242}.Release|ARM.ActiveCfg = Release|ARM
		{16E96A64-983F-4B08-96BC-5E4F9EB2F242}.Release|ARM.Build.0 = Release|ARM
		{16E96A64-983F-4B08-96BC-5E4F9EB2F242}.Release|ARM.Deploy.0 = Release|ARM
		{16E96A64-983F-4B08-96BC-5E4F9EB2F242}.Release|x64.ActiveCfg = Release|x64
		{16E96A64-983F-4B08-96BC-5E4F9EB2F242}.Release|x64.Build.0 = Release|x64
		{16E96A64-983F-4B08-96BC-5E4F9EB2F242}.Release|x64.Deploy.0 = Release|x64
		{16E96A64-983F-4B08-96BC-5E4F9EB2F242}.Release|x86.ActiveCfg = Release|x86
		{16E96A64-983F-4B08-96BC-5E4F9EB2F242}.Release|x86.Build.0 = Release|x86
		{16E96A64-983F-4B08-96BC-5E4F9EB2F242}.Release|x86.Deploy.0 = Release|x86
		{5ED9DC26-2C5F-410B-A357-86A3F5B19C26}.Debug|ARM.ActiveCfg = Debug|ARM
		{5ED9DC26-2C5F-410B-A357-86A3F5B19C26}.Debug|ARM.Build.0 = Debug|ARM
		{5ED9DC26-2C5F-410B-A357-86A3F5B19C26}.Debug|ARM.Deploy.0 = Debug|ARM
		{5ED9DC26-2C5F-410B-A357-86A3F5B19C26}.Debug|x64.ActiveCfg = Debug|x64
		{5ED9DC26-2C5F-410B-A357-86A3F5B19C26}.Debug|x64.Build.0 = Debug|x64
		{5ED9DC26-2C5F-410B-A357-86A3F5B19C26}.Debug|x64.Deploy.0 = Debug|x64
		{5ED9DC26-2C5F-410B-A357-86A3F5B19C26}.Debug|x86.ActiveCfg = Debug|x86
		{5ED9DC26-2C5F-410B-A357-86A3F5B19C26}.Debug|x86.Build.0 = Debug|x86
		{5ED9DC26-2C5F-410B-A357-86A3F5B19C26}.Debug|x86.Deploy.0 = Debug|x86
		{5ED9DC26-2C5F-410B-A357-86A3F5B19C26}.Release|ARM.ActiveCfg = Release|ARM
		{5ED9DC26-2C5F-410B-A357-86A3F5B19C26}.Release|ARM.Build.0 = Release|ARM
		{5ED9DC26-2C5F-410B-A357-86A3F5B19C26}.Release|ARM.Deploy.0 = Release|ARM
		{5ED9DC26-2C5F-410B-A357-86A3F5B19C26}.Release|x64.ActiveCfg = Release|x64
		{5ED9DC26-2C5F-410B-A357-86A3F5B19C26}.Release|x64.Build.0 = Release|x64
		{5ED9DC26-2C5F-410B-A357-86A3F5B19C26}.Release|x64.Deploy.0 = Release|x64
		{5ED9DC26-2C5F-410B-A357-86A3F5B19C26}.Release|x86.ActiveCfg = Release|x86
		{5ED9DC26-2C5F-410B-A357-86A3F5B19C26}.Release|x86.Build.0 = Release|x86
		{5ED9DC26-2C5F-410B-A357-86A3F5B19C26}.Release|x86.Deploy.0 = Release|x86
		{24F6D371-67FE-4438-B4D5-B3D005B19B6D}.Debug|ARM.ActiveCfg = Debug|ARM
		{24F6D371-67FE-4438-B4D5-B3D005B19B6D}.Debug|ARM.Build.0 = Debug|ARM
		{24F6D371-67FE-4438-B4D5-B3D005B19B6D}.Debug|ARM.Deploy.0 = Debug|ARM
		{24F6D371-67FE-4438-B4D5-B3D005B19B6D}.Debug|x64.ActiveCfg = Debug|x64
		{24F6D371-67FE-4438-B4D5-B3D005B19B6D}.Debug|x64.Build.0 = Debug|x64
		{24F6D371-67FE-4438-B4D5-B3D005B19B6D}.Debug|x64.Deploy.0 = Debug|x64
		{24F6D371-67FE-4438-B4D5-B3D005B19B6D}.Debug|x86.ActiveCfg = Debug|x86
		{24F6D371-67FE-4438-B4D5-B3D005B19B6D}.Debug|x86.Build.0 = Debug|x86
		{24F6D371-67FE-4438-B4D5-B3D005B19B6D}.Debug|x86.Deploy.0 = Debug|x86
		{24F6D371-67FE-4438-B4D5-B3D005B19B6D}.Release|ARM.ActiveCfg = Release|ARM
		{24F6D371-67FE-4438-B4D5-B3D005B19B6D}.Release|ARM.Build.0 = Release|ARM
		{24F6D371-67FE-4438-B4D5-B3D005B19B6D}.Release|ARM.Deploy.0 = Release|ARM
		{24F6D371-67FE-4438-B4D5-B3D005B19B6D}.Release|x64.ActiveCfg = Release|x64
		{24F6D371-67FE-4438-B4D5-B3D005B19B6D}.Release|x64.Build.0 = Release|x64
		{24F6D371-67FE-4438-B4D5-B3D005B19B6D}.Release|x64.Deploy.0 = Release|x64
		{24F6D371-67FE-4438-B4D5-B3D005B19B6D}.Release|x86.ActiveCfg = Release|x86
		{24F6D371-67FE-4438-B4D5-B3D005B19B6D}.Release|x86.Build.0 = Release|x86
		{24F6D371-67FE-4438-B4D5-B3D005B19B6D}.Release|x86.Deploy.0 = Release|x86
		{64147243-07B9-4A3B-A195-856FFF88DB24}.Debug|ARM.ActiveCfg = Debug|ARM
		{64147243-07B9-4A3B-A195-856FFF88DB24}.Debug|ARM.Build.0 = Debug|ARM
		{64147243-07B9-4A3B-A195-856FFF88DB24}.Debug|ARM.Deploy.0 = Debug|ARM
		{64147243-07B9-4A3B-A195-856FFF88DB24}.Debug|x64.ActiveCfg = Debug|x64
		{64147243-07B9-4A3B-A195-856FFF88DB24}.Debug|x64.Build.0 = Debug|x64
		{64147243-07B9-4A3B-A195-856FFF88DB24}.Debug|x64.Deploy.0 = Debug|x64
		{64147243-07B9-4A3B-A195-856FFF88DB24}.Debug|x86.ActiveCfg = Debug|x86
		{64147243-07B9-4A3B-A195-856FFF88DB24}.Debug|x86.Build.0 = Debug|x86
		{64147243-07B9-4A3B-A195-856FFF88DB24}.Debug|x86.Deploy.0 = Debug|x86
		{64147243-07B9-4A3B-A195-856FFF88DB24}.Release|ARM.ActiveCfg = Release|ARM
		{64147243-07B9-4A3B-A195-856FFF88DB24}.Release|ARM.Build.0 = Release|ARM
		{64147243-07B9-4A3B-A195-856FFF88DB24}.Release|ARM.Deploy.0 = Release|ARM
		{64147243-07B9-4A3B-A195-856FFF88DB24}.Release|x64.ActiveCfg = Release|x64
		{64147243-07B9-4A3B-A195-856FFF88DB24}.Release|x64.Build.0 = Release|x64
		{64147243-07B9-4A3B-A195-856FFF88DB24}.Release|x64.Deploy.0 = Release|x64
		{64147243-07B9-4A3B-A195-856FFF88DB24}.Release|x86.ActiveCfg = Release|x86
		{64147243-07B9-4A3B-A195-856FFF88DB24}.Release|x86.Build.0 = Release|x86
		{64147243-07B9-4A3B-A195-856FFF88DB24}.Release|x86.Deploy.0 = Release|x86
		{4E68DE08-BAFD-4CAE-AC70-53605FE10CE4}.Debug|ARM.ActiveCfg = Debug|ARM
		{4E68DE08-BAFD-4CAE-AC70-53605FE10CE4}.Debug|ARM.Build.0 = Debug|ARM
		{4E68DE08-BAFD-4CAE-AC70-53605FE10CE4}.Debug|ARM.Deploy.0 = Debug|ARM
		{4E68DE08-BAFD-4CAE-AC70-53605FE10CE4}.Debug|x64.ActiveCfg = Debug|x64
		{4E68DE08-BAFD-4CAE-AC70-53605FE10CE4}.Debug|x64.Build.0 = Debug|x64
		{4E68DE08-BAFD-4CAE-AC70-53605FE10CE4}.Debug|x64.Deploy.0 = Debug|x64
		{4E68DE08-BAFD-4CAE-AC70-53605FE10CE4}.Debug|x86.ActiveCfg = Debug|x86
		{4E68DE08-BAFD-4CAE-AC70-53605FE10CE4}.Debug|x86.Build.0 = Debug|x86
		{4E68DE08-BAFD-4CAE-AC70-53605FE10CE4}.Debug|x86.Deploy.0 = Debug|x86
		{4E68DE08-BAFD-4CAE-AC70-53605FE10CE4}.Release|ARM.ActiveCfg = Release|ARM
		{4E68DE08-BAFD-4CAE-AC70-53605FE10CE4}.Release|ARM.Build.0 = Release|ARM
		{4E68DE08-BAFD-4CAE-AC70-53605FE10CE4}.Release|ARM.Deploy.0 = Release|ARM
		{4E68DE08-BAFD-4CAE-AC70-53605FE10CE4}.Release|x64.ActiveCfg = Release|x64
		{4E68DE08-BAFD-4CAE-AC70-53605FE10CE4}.Release|x64.Build.0 = Release|x64
		{4E68DE08-BAFD-4CAE-AC70-53605FE10CE4}.Release|x64.Deploy.0 = Release|x64
		{4E68DE08-BAFD-4CAE-AC70-53605FE10CE4}.Release|x86.ActiveCfg = Release|x86
		{4E68DE08-BAFD-4CAE-AC70-53605FE10CE4}.Release|x86.Build.0 = Release|x86
		{4E68DE08-BAFD-4CAE-AC70-53605FE10CE4}.Release|x86.Deploy.0 = Release|x86
	EndGlobalSection
	GlobalSection(SolutionProperties) = preSolution
		HideSolutionNode = FALSE
	EndGlobalSection
EndGlobal
