
Microsoft Visual Studio Solution File, Format Version 12.00
# Visual Studio 14
VisualStudioVersion = 14.0.23107.0
MinimumVisualStudioVersion = 10.0.40219.1
Project("{FAE04EC0-301F-11D3-BF4B-00C04F79EFBC}") = "GPIO_Hello_IoT", "RPI2_Win10_IoT_GPIO\GPIO_Hello_IoT.csproj", "{1C976503-90CB-48EC-A694-1FC0ACCCB2CE}"
EndProject
Project("{FAE04EC0-301F-11D3-BF4B-00C04F79EFBC}") = "GPIO_Pushy", "GPIO_Pushy\GPIO_Pushy.csproj", "{DC6DDB7E-EA76-46B2-B493-2D5A095A0930}"
EndProject
Project("{FAE04EC0-301F-11D3-BF4B-00C04F79EFBC}") = "GPIO_PushyBlinky_IO_LED", "GPIO_PushyBlinky_IO__LED\GPIO_PushyBlinky_IO_LED.csproj", "{E613C488-79A9-49B7-AD5F-75A8095EC79A}"
EndProject
Project("{FAE04EC0-301F-11D3-BF4B-00C04F79EFBC}") = "GPIO_PushyBlinky_IO_PB_Intrp", "GPIO_PushyBlinky_IO_PB_Intrp\GPIO_PushyBlinky_IO_PB_Intrp.csproj", "{2B4456DF-DA00-4822-8DB3-66406C108BCB}"
EndProject
Project("{FAE04EC0-301F-11D3-BF4B-00C04F79EFBC}") = "GPIO_PushyBlinky_IO_PB_Poll", "GPIO_PushyBlinky_IO_PB_Poll\GPIO_PushyBlinky_IO_PB_Poll.csproj", "{7A977E7B-3AD3-4A1F-834B-1B27E58A6E05}"
EndProject
Global
	GlobalSection(SolutionConfigurationPlatforms) = preSolution
		Debug|ARM = Debug|ARM
		Debug|x64 = Debug|x64
		Debug|x86 = Debug|x86
		Release|ARM = Release|ARM
		Release|x64 = Release|x64
		Release|x86 = Release|x86
	EndGlobalSection
	GlobalSection(ProjectConfigurationPlatforms) = postSolution
		{1C976503-90CB-48EC-A694-1FC0ACCCB2CE}.Debug|ARM.ActiveCfg = Debug|ARM
		{1C976503-90CB-48EC-A694-1FC0ACCCB2CE}.Debug|ARM.Build.0 = Debug|ARM
		{1C976503-90CB-48EC-A694-1FC0ACCCB2CE}.Debug|ARM.Deploy.0 = Debug|ARM
		{1C976503-90CB-48EC-A694-1FC0ACCCB2CE}.Debug|x64.ActiveCfg = Debug|x64
		{1C976503-90CB-48EC-A694-1FC0ACCCB2CE}.Debug|x64.Build.0 = Debug|x64
		{1C976503-90CB-48EC-A694-1FC0ACCCB2CE}.Debug|x64.Deploy.0 = Debug|x64
		{1C976503-90CB-48EC-A694-1FC0ACCCB2CE}.Debug|x86.ActiveCfg = Debug|x86
		{1C976503-90CB-48EC-A694-1FC0ACCCB2CE}.Debug|x86.Build.0 = Debug|x86
		{1C976503-90CB-48EC-A694-1FC0ACCCB2CE}.Debug|x86.Deploy.0 = Debug|x86
		{1C976503-90CB-48EC-A694-1FC0ACCCB2CE}.Release|ARM.ActiveCfg = Release|ARM
		{1C976503-90CB-48EC-A694-1FC0ACCCB2CE}.Release|ARM.Build.0 = Release|ARM
		{1C976503-90CB-48EC-A694-1FC0ACCCB2CE}.Release|ARM.Deploy.0 = Release|ARM
		{1C976503-90CB-48EC-A694-1FC0ACCCB2CE}.Release|x64.ActiveCfg = Release|x64
		{1C976503-90CB-48EC-A694-1FC0ACCCB2CE}.Release|x64.Build.0 = Release|x64
		{1C976503-90CB-48EC-A694-1FC0ACCCB2CE}.Release|x64.Deploy.0 = Release|x64
		{1C976503-90CB-48EC-A694-1FC0ACCCB2CE}.Release|x86.ActiveCfg = Release|x86
		{1C976503-90CB-48EC-A694-1FC0ACCCB2CE}.Release|x86.Build.0 = Release|x86
		{1C976503-90CB-48EC-A694-1FC0ACCCB2CE}.Release|x86.Deploy.0 = Release|x86
		{DC6DDB7E-EA76-46B2-B493-2D5A095A0930}.Debug|ARM.ActiveCfg = Debug|ARM
		{DC6DDB7E-EA76-46B2-B493-2D5A095A0930}.Debug|ARM.Build.0 = Debug|ARM
		{DC6DDB7E-EA76-46B2-B493-2D5A095A0930}.Debug|ARM.Deploy.0 = Debug|ARM
		{DC6DDB7E-EA76-46B2-B493-2D5A095A0930}.Debug|x64.ActiveCfg = Debug|x64
		{DC6DDB7E-EA76-46B2-B493-2D5A095A0930}.Debug|x64.Build.0 = Debug|x64
		{DC6DDB7E-EA76-46B2-B493-2D5A095A0930}.Debug|x64.Deploy.0 = Debug|x64
		{DC6DDB7E-EA76-46B2-B493-2D5A095A0930}.Debug|x86.ActiveCfg = Debug|x86
		{DC6DDB7E-EA76-46B2-B493-2D5A095A0930}.Debug|x86.Build.0 = Debug|x86
		{DC6DDB7E-EA76-46B2-B493-2D5A095A0930}.Debug|x86.Deploy.0 = Debug|x86
		{DC6DDB7E-EA76-46B2-B493-2D5A095A0930}.Release|ARM.ActiveCfg = Release|ARM
		{DC6DDB7E-EA76-46B2-B493-2D5A095A0930}.Release|ARM.Build.0 = Release|ARM
		{DC6DDB7E-EA76-46B2-B493-2D5A095A0930}.Release|ARM.Deploy.0 = Release|ARM
		{DC6DDB7E-EA76-46B2-B493-2D5A095A0930}.Release|x64.ActiveCfg = Release|x64
		{DC6DDB7E-EA76-46B2-B493-2D5A095A0930}.Release|x64.Build.0 = Release|x64
		{DC6DDB7E-EA76-46B2-B493-2D5A095A0930}.Release|x64.Deploy.0 = Release|x64
		{DC6DDB7E-EA76-46B2-B493-2D5A095A0930}.Release|x86.ActiveCfg = Release|x86
		{DC6DDB7E-EA76-46B2-B493-2D5A095A0930}.Release|x86.Build.0 = Release|x86
		{DC6DDB7E-EA76-46B2-B493-2D5A095A0930}.Release|x86.Deploy.0 = Release|x86
		{E613C488-79A9-49B7-AD5F-75A8095EC79A}.Debug|ARM.ActiveCfg = Debug|ARM
		{E613C488-79A9-49B7-AD5F-75A8095EC79A}.Debug|ARM.Build.0 = Debug|ARM
		{E613C488-79A9-49B7-AD5F-75A8095EC79A}.Debug|ARM.Deploy.0 = Debug|ARM
		{E613C488-79A9-49B7-AD5F-75A8095EC79A}.Debug|x64.ActiveCfg = Debug|x64
		{E613C488-79A9-49B7-AD5F-75A8095EC79A}.Debug|x64.Build.0 = Debug|x64
		{E613C488-79A9-49B7-AD5F-75A8095EC79A}.Debug|x64.Deploy.0 = Debug|x64
		{E613C488-79A9-49B7-AD5F-75A8095EC79A}.Debug|x86.ActiveCfg = Debug|x86
		{E613C488-79A9-49B7-AD5F-75A8095EC79A}.Debug|x86.Build.0 = Debug|x86
		{E613C488-79A9-49B7-AD5F-75A8095EC79A}.Debug|x86.Deploy.0 = Debug|x86
		{E613C488-79A9-49B7-AD5F-75A8095EC79A}.Release|ARM.ActiveCfg = Release|ARM
		{E613C488-79A9-49B7-AD5F-75A8095EC79A}.Release|ARM.Build.0 = Release|ARM
		{E613C488-79A9-49B7-AD5F-75A8095EC79A}.Release|ARM.Deploy.0 = Release|ARM
		{E613C488-79A9-49B7-AD5F-75A8095EC79A}.Release|x64.ActiveCfg = Release|x64
		{E613C488-79A9-49B7-AD5F-75A8095EC79A}.Release|x64.Build.0 = Release|x64
		{E613C488-79A9-49B7-AD5F-75A8095EC79A}.Release|x64.Deploy.0 = Release|x64
		{E613C488-79A9-49B7-AD5F-75A8095EC79A}.Release|x86.ActiveCfg = Release|x86
		{E613C488-79A9-49B7-AD5F-75A8095EC79A}.Release|x86.Build.0 = Release|x86
		{E613C488-79A9-49B7-AD5F-75A8095EC79A}.Release|x86.Deploy.0 = Release|x86
		{2B4456DF-DA00-4822-8DB3-66406C108BCB}.Debug|ARM.ActiveCfg = Debug|ARM
		{2B4456DF-DA00-4822-8DB3-66406C108BCB}.Debug|ARM.Build.0 = Debug|ARM
		{2B4456DF-DA00-4822-8DB3-66406C108BCB}.Debug|ARM.Deploy.0 = Debug|ARM
		{2B4456DF-DA00-4822-8DB3-66406C108BCB}.Debug|x64.ActiveCfg = Debug|x64
		{2B4456DF-DA00-4822-8DB3-66406C108BCB}.Debug|x64.Build.0 = Debug|x64
		{2B4456DF-DA00-4822-8DB3-66406C108BCB}.Debug|x64.Deploy.0 = Debug|x64
		{2B4456DF-DA00-4822-8DB3-66406C108BCB}.Debug|x86.ActiveCfg = Debug|x86
		{2B4456DF-DA00-4822-8DB3-66406C108BCB}.Debug|x86.Build.0 = Debug|x86
		{2B4456DF-DA00-4822-8DB3-66406C108BCB}.Debug|x86.Deploy.0 = Debug|x86
		{2B4456DF-DA00-4822-8DB3-66406C108BCB}.Release|ARM.ActiveCfg = Release|ARM
		{2B4456DF-DA00-4822-8DB3-66406C108BCB}.Release|ARM.Build.0 = Release|ARM
		{2B4456DF-DA00-4822-8DB3-66406C108BCB}.Release|ARM.Deploy.0 = Release|ARM
		{2B4456DF-DA00-4822-8DB3-66406C108BCB}.Release|x64.ActiveCfg = Release|x64
		{2B4456DF-DA00-4822-8DB3-66406C108BCB}.Release|x64.Build.0 = Release|x64
		{2B4456DF-DA00-4822-8DB3-66406C108BCB}.Release|x64.Deploy.0 = Release|x64
		{2B4456DF-DA00-4822-8DB3-66406C108BCB}.Release|x86.ActiveCfg = Release|x86
		{2B4456DF-DA00-4822-8DB3-66406C108BCB}.Release|x86.Build.0 = Release|x86
		{2B4456DF-DA00-4822-8DB3-66406C108BCB}.Release|x86.Deploy.0 = Release|x86
		{7A977E7B-3AD3-4A1F-834B-1B27E58A6E05}.Debug|ARM.ActiveCfg = Debug|ARM
		{7A977E7B-3AD3-4A1F-834B-1B27E58A6E05}.Debug|ARM.Build.0 = Debug|ARM
		{7A977E7B-3AD3-4A1F-834B-1B27E58A6E05}.Debug|ARM.Deploy.0 = Debug|ARM
		{7A977E7B-3AD3-4A1F-834B-1B27E58A6E05}.Debug|x64.ActiveCfg = Debug|x64
		{7A977E7B-3AD3-4A1F-834B-1B27E58A6E05}.Debug|x64.Build.0 = Debug|x64
		{7A977E7B-3AD3-4A1F-834B-1B27E58A6E05}.Debug|x64.Deploy.0 = Debug|x64
		{7A977E7B-3AD3-4A1F-834B-1B27E58A6E05}.Debug|x86.ActiveCfg = Debug|x86
		{7A977E7B-3AD3-4A1F-834B-1B27E58A6E05}.Debug|x86.Build.0 = Debug|x86
		{7A977E7B-3AD3-4A1F-834B-1B27E58A6E05}.Debug|x86.Deploy.0 = Debug|x86
		{7A977E7B-3AD3-4A1F-834B-1B27E58A6E05}.Release|ARM.ActiveCfg = Release|ARM
		{7A977E7B-3AD3-4A1F-834B-1B27E58A6E05}.Release|ARM.Build.0 = Release|ARM
		{7A977E7B-3AD3-4A1F-834B-1B27E58A6E05}.Release|ARM.Deploy.0 = Release|ARM
		{7A977E7B-3AD3-4A1F-834B-1B27E58A6E05}.Release|x64.ActiveCfg = Release|x64
		{7A977E7B-3AD3-4A1F-834B-1B27E58A6E05}.Release|x64.Build.0 = Release|x64
		{7A977E7B-3AD3-4A1F-834B-1B27E58A6E05}.Release|x64.Deploy.0 = Release|x64
		{7A977E7B-3AD3-4A1F-834B-1B27E58A6E05}.Release|x86.ActiveCfg = Release|x86
		{7A977E7B-3AD3-4A1F-834B-1B27E58A6E05}.Release|x86.Build.0 = Release|x86
		{7A977E7B-3AD3-4A1F-834B-1B27E58A6E05}.Release|x86.Deploy.0 = Release|x86
	EndGlobalSection
	GlobalSection(SolutionProperties) = preSolution
		HideSolutionNode = FALSE
	EndGlobalSection
EndGlobal
